// !$*UTF8*$!
{
	archiveVersion = 1;
	classes = {
	};
	objectVersion = 50;
	objects = {

/* Begin PBXBuildFile section */
		1735DF4722BCD4A10095771F /* Grid.swift in Sources */ = {isa = PBXBuildFile; fileRef = 1735DF4622BCD4A10095771F /* Grid.swift */; };
		1735DF4922BCDE050095771F /* BoardView.swift in Sources */ = {isa = PBXBuildFile; fileRef = 1735DF4822BCDE050095771F /* BoardView.swift */; };
		1735DF4B22BCDF050095771F /* CardView.swift in Sources */ = {isa = PBXBuildFile; fileRef = 1735DF4A22BCDF050095771F /* CardView.swift */; };
		174CEA2022B8BEBA003D00C3 /* AppDelegate.swift in Sources */ = {isa = PBXBuildFile; fileRef = 174CEA1F22B8BEBA003D00C3 /* AppDelegate.swift */; };
		174CEA2222B8BEBA003D00C3 /* ViewController.swift in Sources */ = {isa = PBXBuildFile; fileRef = 174CEA2122B8BEBA003D00C3 /* ViewController.swift */; };
		174CEA2522B8BEBA003D00C3 /* Main.storyboard in Resources */ = {isa = PBXBuildFile; fileRef = 174CEA2322B8BEBA003D00C3 /* Main.storyboard */; };
		174CEA2722B8BEC7003D00C3 /* Assets.xcassets in Resources */ = {isa = PBXBuildFile; fileRef = 174CEA2622B8BEC7003D00C3 /* Assets.xcassets */; };
		174CEA2A22B8BEC7003D00C3 /* LaunchScreen.storyboard in Resources */ = {isa = PBXBuildFile; fileRef = 174CEA2822B8BEC7003D00C3 /* LaunchScreen.storyboard */; };
		174CEA3522B8BEC9003D00C3 /* SetGameTests.swift in Sources */ = {isa = PBXBuildFile; fileRef = 174CEA3422B8BEC9003D00C3 /* SetGameTests.swift */; };
		174CEA4022B8BEC9003D00C3 /* SetGameUITests.swift in Sources */ = {isa = PBXBuildFile; fileRef = 174CEA3F22B8BEC9003D00C3 /* SetGameUITests.swift */; };
		174CEA4E22B8DD48003D00C3 /* Card.swift in Sources */ = {isa = PBXBuildFile; fileRef = 174CEA4D22B8DD48003D00C3 /* Card.swift */; };
		174CEA5022B8DE34003D00C3 /* Set.swift in Sources */ = {isa = PBXBuildFile; fileRef = 174CEA4F22B8DE34003D00C3 /* Set.swift */; };
/* End PBXBuildFile section */

/* Begin PBXContainerItemProxy section */
		174CEA3122B8BEC9003D00C3 /* PBXContainerItemProxy */ = {
			isa = PBXContainerItemProxy;
			containerPortal = 174CEA1422B8BEB9003D00C3 /* Project object */;
			proxyType = 1;
			remoteGlobalIDString = 174CEA1B22B8BEBA003D00C3;
			remoteInfo = SetGame;
		};
		174CEA3C22B8BEC9003D00C3 /* PBXContainerItemProxy */ = {
			isa = PBXContainerItemProxy;
			containerPortal = 174CEA1422B8BEB9003D00C3 /* Project object */;
			proxyType = 1;
			remoteGlobalIDString = 174CEA1B22B8BEBA003D00C3;
			remoteInfo = SetGame;
		};
/* End PBXContainerItemProxy section */

/* Begin PBXFileReference section */
		1735DF4622BCD4A10095771F /* Grid.swift */ = {isa = PBXFileReference; fileEncoding = 4; lastKnownFileType = sourcecode.swift; name = Grid.swift; path = SetGame/Grid.swift; sourceTree = SOURCE_ROOT; };
		1735DF4822BCDE050095771F /* BoardView.swift */ = {isa = PBXFileReference; lastKnownFileType = sourcecode.swift; path = BoardView.swift; sourceTree = "<group>"; };
		1735DF4A22BCDF050095771F /* CardView.swift */ = {isa = PBXFileReference; lastKnownFileType = sourcecode.swift; path = CardView.swift; sourceTree = "<group>"; };
		174CEA1C22B8BEBA003D00C3 /* SetGame.app */ = {isa = PBXFileReference; explicitFileType = wrapper.application; includeInIndex = 0; path = SetGame.app; sourceTree = BUILT_PRODUCTS_DIR; };
		174CEA1F22B8BEBA003D00C3 /* AppDelegate.swift */ = {isa = PBXFileReference; lastKnownFileType = sourcecode.swift; name = AppDelegate.swift; path = ../AppDelegate.swift; sourceTree = "<group>"; };
		174CEA2122B8BEBA003D00C3 /* ViewController.swift */ = {isa = PBXFileReference; lastKnownFileType = sourcecode.swift; path = ViewController.swift; sourceTree = "<group>"; };
		174CEA2422B8BEBA003D00C3 /* Base */ = {isa = PBXFileReference; lastKnownFileType = file.storyboard; name = Base; path = Base.lproj/Main.storyboard; sourceTree = "<group>"; };
		174CEA2622B8BEC7003D00C3 /* Assets.xcassets */ = {isa = PBXFileReference; lastKnownFileType = folder.assetcatalog; path = Assets.xcassets; sourceTree = "<group>"; };
		174CEA2922B8BEC7003D00C3 /* Base */ = {isa = PBXFileReference; lastKnownFileType = file.storyboard; name = Base; path = Base.lproj/LaunchScreen.storyboard; sourceTree = "<group>"; };
		174CEA2B22B8BEC7003D00C3 /* Info.plist */ = {isa = PBXFileReference; lastKnownFileType = text.plist.xml; path = Info.plist; sourceTree = "<group>"; };
		174CEA3022B8BEC9003D00C3 /* SetGameTests.xctest */ = {isa = PBXFileReference; explicitFileType = wrapper.cfbundle; includeInIndex = 0; path = SetGameTests.xctest; sourceTree = BUILT_PRODUCTS_DIR; };
		174CEA3422B8BEC9003D00C3 /* SetGameTests.swift */ = {isa = PBXFileReference; lastKnownFileType = sourcecode.swift; path = SetGameTests.swift; sourceTree = "<group>"; };
		174CEA3622B8BEC9003D00C3 /* Info.plist */ = {isa = PBXFileReference; lastKnownFileType = text.plist.xml; path = Info.plist; sourceTree = "<group>"; };
		174CEA3B22B8BEC9003D00C3 /* SetGameUITests.xctest */ = {isa = PBXFileReference; explicitFileType = wrapper.cfbundle; includeInIndex = 0; path = SetGameUITests.xctest; sourceTree = BUILT_PRODUCTS_DIR; };
		174CEA3F22B8BEC9003D00C3 /* SetGameUITests.swift */ = {isa = PBXFileReference; lastKnownFileType = sourcecode.swift; path = SetGameUITests.swift; sourceTree = "<group>"; };
		174CEA4122B8BEC9003D00C3 /* Info.plist */ = {isa = PBXFileReference; lastKnownFileType = text.plist.xml; path = Info.plist; sourceTree = "<group>"; };
		174CEA4D22B8DD48003D00C3 /* Card.swift */ = {isa = PBXFileReference; lastKnownFileType = sourcecode.swift; path = Card.swift; sourceTree = "<group>"; };
		174CEA4F22B8DE34003D00C3 /* Set.swift */ = {isa = PBXFileReference; lastKnownFileType = sourcecode.swift; path = Set.swift; sourceTree = "<group>"; };
/* End PBXFileReference section */

/* Begin PBXFrameworksBuildPhase section */
		174CEA1922B8BEBA003D00C3 /* Frameworks */ = {
			isa = PBXFrameworksBuildPhase;
			buildActionMask = 2147483647;
			files = (
			);
			runOnlyForDeploymentPostprocessing = 0;
		};
		174CEA2D22B8BEC9003D00C3 /* Frameworks */ = {
			isa = PBXFrameworksBuildPhase;
			buildActionMask = 2147483647;
			files = (
			);
			runOnlyForDeploymentPostprocessing = 0;
		};
		174CEA3822B8BEC9003D00C3 /* Frameworks */ = {
			isa = PBXFrameworksBuildPhase;
			buildActionMask = 2147483647;
			files = (
			);
			runOnlyForDeploymentPostprocessing = 0;
		};
/* End PBXFrameworksBuildPhase section */

/* Begin PBXGroup section */
		174CEA1322B8BEB9003D00C3 = {
			isa = PBXGroup;
			children = (
				174CEA1E22B8BEBA003D00C3 /* SetGame */,
				174CEA3322B8BEC9003D00C3 /* SetGameTests */,
				174CEA3E22B8BEC9003D00C3 /* SetGameUITests */,
				174CEA1D22B8BEBA003D00C3 /* Products */,
			);
			sourceTree = "<group>";
		};
		174CEA1D22B8BEBA003D00C3 /* Products */ = {
			isa = PBXGroup;
			children = (
				174CEA1C22B8BEBA003D00C3 /* SetGame.app */,
				174CEA3022B8BEC9003D00C3 /* SetGameTests.xctest */,
				174CEA3B22B8BEC9003D00C3 /* SetGameUITests.xctest */,
			);
			name = Products;
			sourceTree = "<group>";
		};
		174CEA1E22B8BEBA003D00C3 /* SetGame */ = {
			isa = PBXGroup;
			children = (
				17F0C93422BCD3C50049EEE8 /* Supporting Files */,
				1735DF4622BCD4A10095771F /* Grid.swift */,
				174CEA2122B8BEBA003D00C3 /* ViewController.swift */,
				1735DF4822BCDE050095771F /* BoardView.swift */,
				1735DF4A22BCDF050095771F /* CardView.swift */,
				174CEA4F22B8DE34003D00C3 /* Set.swift */,
				174CEA2322B8BEBA003D00C3 /* Main.storyboard */,
				174CEA2622B8BEC7003D00C3 /* Assets.xcassets */,
				174CEA2B22B8BEC7003D00C3 /* Info.plist */,
				174CEA4D22B8DD48003D00C3 /* Card.swift */,
			);
			path = SetGame;
			sourceTree = "<group>";
		};
		174CEA3322B8BEC9003D00C3 /* SetGameTests */ = {
			isa = PBXGroup;
			children = (
				174CEA3422B8BEC9003D00C3 /* SetGameTests.swift */,
				174CEA3622B8BEC9003D00C3 /* Info.plist */,
			);
			path = SetGameTests;
			sourceTree = "<group>";
		};
		174CEA3E22B8BEC9003D00C3 /* SetGameUITests */ = {
			isa = PBXGroup;
			children = (
				174CEA3F22B8BEC9003D00C3 /* SetGameUITests.swift */,
				174CEA4122B8BEC9003D00C3 /* Info.plist */,
			);
			path = SetGameUITests;
			sourceTree = "<group>";
		};
		17F0C93422BCD3C50049EEE8 /* Supporting Files */ = {
			isa = PBXGroup;
			children = (
				174CEA2822B8BEC7003D00C3 /* LaunchScreen.storyboard */,
				174CEA1F22B8BEBA003D00C3 /* AppDelegate.swift */,
			);
			path = "Supporting Files";
			sourceTree = "<group>";
		};
/* End PBXGroup section */

/* Begin PBXNativeTarget section */
		174CEA1B22B8BEBA003D00C3 /* SetGame */ = {
			isa = PBXNativeTarget;
			buildConfigurationList = 174CEA4422B8BEC9003D00C3 /* Build configuration list for PBXNativeTarget "SetGame" */;
			buildPhases = (
				174CEA1822B8BEBA003D00C3 /* Sources */,
				174CEA1922B8BEBA003D00C3 /* Frameworks */,
				174CEA1A22B8BEBA003D00C3 /* Resources */,
			);
			buildRules = (
			);
			dependencies = (
			);
			name = SetGame;
			productName = SetGame;
			productReference = 174CEA1C22B8BEBA003D00C3 /* SetGame.app */;
			productType = "com.apple.product-type.application";
		};
		174CEA2F22B8BEC9003D00C3 /* SetGameTests */ = {
			isa = PBXNativeTarget;
			buildConfigurationList = 174CEA4722B8BEC9003D00C3 /* Build configuration list for PBXNativeTarget "SetGameTests" */;
			buildPhases = (
				174CEA2C22B8BEC9003D00C3 /* Sources */,
				174CEA2D22B8BEC9003D00C3 /* Frameworks */,
				174CEA2E22B8BEC9003D00C3 /* Resources */,
			);
			buildRules = (
			);
			dependencies = (
				174CEA3222B8BEC9003D00C3 /* PBXTargetDependency */,
			);
			name = SetGameTests;
			productName = SetGameTests;
			productReference = 174CEA3022B8BEC9003D00C3 /* SetGameTests.xctest */;
			productType = "com.apple.product-type.bundle.unit-test";
		};
		174CEA3A22B8BEC9003D00C3 /* SetGameUITests */ = {
			isa = PBXNativeTarget;
			buildConfigurationList = 174CEA4A22B8BEC9003D00C3 /* Build configuration list for PBXNativeTarget "SetGameUITests" */;
			buildPhases = (
				174CEA3722B8BEC9003D00C3 /* Sources */,
				174CEA3822B8BEC9003D00C3 /* Frameworks */,
				174CEA3922B8BEC9003D00C3 /* Resources */,
			);
			buildRules = (
			);
			dependencies = (
				174CEA3D22B8BEC9003D00C3 /* PBXTargetDependency */,
			);
			name = SetGameUITests;
			productName = SetGameUITests;
			productReference = 174CEA3B22B8BEC9003D00C3 /* SetGameUITests.xctest */;
			productType = "com.apple.product-type.bundle.ui-testing";
		};
/* End PBXNativeTarget section */

/* Begin PBXProject section */
		174CEA1422B8BEB9003D00C3 /* Project object */ = {
			isa = PBXProject;
			attributes = {
				LastSwiftUpdateCheck = 1020;
				LastUpgradeCheck = 1020;
				ORGANIZATIONNAME = "Radu Ciobanu";
				TargetAttributes = {
					174CEA1B22B8BEBA003D00C3 = {
						CreatedOnToolsVersion = 10.2.1;
					};
					174CEA2F22B8BEC9003D00C3 = {
						CreatedOnToolsVersion = 10.2.1;
						TestTargetID = 174CEA1B22B8BEBA003D00C3;
					};
					174CEA3A22B8BEC9003D00C3 = {
						CreatedOnToolsVersion = 10.2.1;
						TestTargetID = 174CEA1B22B8BEBA003D00C3;
					};
				};
			};
			buildConfigurationList = 174CEA1722B8BEB9003D00C3 /* Build configuration list for PBXProject "SetGame" */;
			compatibilityVersion = "Xcode 9.3";
			developmentRegion = en;
			hasScannedForEncodings = 0;
			knownRegions = (
				en,
				Base,
			);
			mainGroup = 174CEA1322B8BEB9003D00C3;
			productRefGroup = 174CEA1D22B8BEBA003D00C3 /* Products */;
			projectDirPath = "";
			projectRoot = "";
			targets = (
				174CEA1B22B8BEBA003D00C3 /* SetGame */,
				174CEA2F22B8BEC9003D00C3 /* SetGameTests */,
				174CEA3A22B8BEC9003D00C3 /* SetGameUITests */,
			);
		};
/* End PBXProject section */

/* Begin PBXResourcesBuildPhase section */
		174CEA1A22B8BEBA003D00C3 /* Resources */ = {
			isa = PBXResourcesBuildPhase;
			buildActionMask = 2147483647;
			files = (
				174CEA2A22B8BEC7003D00C3 /* LaunchScreen.storyboard in Resources */,
				174CEA2722B8BEC7003D00C3 /* Assets.xcassets in Resources */,
				174CEA2522B8BEBA003D00C3 /* Main.storyboard in Resources */,
			);
			runOnlyForDeploymentPostprocessing = 0;
		};
		174CEA2E22B8BEC9003D00C3 /* Resources */ = {
			isa = PBXResourcesBuildPhase;
			buildActionMask = 2147483647;
			files = (
			);
			runOnlyForDeploymentPostprocessing = 0;
		};
		174CEA3922B8BEC9003D00C3 /* Resources */ = {
			isa = PBXResourcesBuildPhase;
			buildActionMask = 2147483647;
			files = (
			);
			runOnlyForDeploymentPostprocessing = 0;
		};
/* End PBXResourcesBuildPhase section */

/* Begin PBXSourcesBuildPhase section */
		174CEA1822B8BEBA003D00C3 /* Sources */ = {
			isa = PBXSourcesBuildPhase;
			buildActionMask = 2147483647;
			files = (
				1735DF4B22BCDF050095771F /* CardView.swift in Sources */,
				174CEA5022B8DE34003D00C3 /* Set.swift in Sources */,
				174CEA2222B8BEBA003D00C3 /* ViewController.swift in Sources */,
				174CEA4E22B8DD48003D00C3 /* Card.swift in Sources */,
				1735DF4922BCDE050095771F /* BoardView.swift in Sources */,
				1735DF4722BCD4A10095771F /* Grid.swift in Sources */,
				174CEA2022B8BEBA003D00C3 /* AppDelegate.swift in Sources */,
			);
			runOnlyForDeploymentPostprocessing = 0;
		};
		174CEA2C22B8BEC9003D00C3 /* Sources */ = {
			isa = PBXSourcesBuildPhase;
			buildActionMask = 2147483647;
			files = (
				174CEA3522B8BEC9003D00C3 /* SetGameTests.swift in Sources */,
			);
			runOnlyForDeploymentPostprocessing = 0;
		};
		174CEA3722B8BEC9003D00C3 /* Sources */ = {
			isa = PBXSourcesBuildPhase;
			buildActionMask = 2147483647;
			files = (
				174CEA4022B8BEC9003D00C3 /* SetGameUITests.swift in Sources */,
			);
			runOnlyForDeploymentPostprocessing = 0;
		};
/* End PBXSourcesBuildPhase section */

/* Begin PBXTargetDependency section */
		174CEA3222B8BEC9003D00C3 /* PBXTargetDependency */ = {
			isa = PBXTargetDependency;
			target = 174CEA1B22B8BEBA003D00C3 /* SetGame */;
			targetProxy = 174CEA3122B8BEC9003D00C3 /* PBXContainerItemProxy */;
		};
		174CEA3D22B8BEC9003D00C3 /* PBXTargetDependency */ = {
			isa = PBXTargetDependency;
			target = 174CEA1B22B8BEBA003D00C3 /* SetGame */;
			targetProxy = 174CEA3C22B8BEC9003D00C3 /* PBXContainerItemProxy */;
		};
/* End PBXTargetDependency section */

/* Begin PBXVariantGroup section */
		174CEA2322B8BEBA003D00C3 /* Main.storyboard */ = {
			isa = PBXVariantGroup;
			children = (
				174CEA2422B8BEBA003D00C3 /* Base */,
			);
			name = Main.storyboard;
			sourceTree = "<group>";
		};
		174CEA2822B8BEC7003D00C3 /* LaunchScreen.storyboard */ = {
			isa = PBXVariantGroup;
			children = (
				174CEA2922B8BEC7003D00C3 /* Base */,
			);
			name = LaunchScreen.storyboard;
			sourceTree = "<group>";
		};
/* End PBXVariantGroup section */

/* Begin XCBuildConfiguration section */
		174CEA4222B8BEC9003D00C3 /* Debug */ = {
			isa = XCBuildConfiguration;
			buildSettings = {
				ALWAYS_SEARCH_USER_PATHS = NO;
				CLANG_ANALYZER_NONNULL = YES;
				CLANG_ANALYZER_NUMBER_OBJECT_CONVERSION = YES_AGGRESSIVE;
				CLANG_CXX_LANGUAGE_STANDARD = "gnu++14";
				CLANG_CXX_LIBRARY = "libc++";
				CLANG_ENABLE_MODULES = YES;
				CLANG_ENABLE_OBJC_ARC = YES;
				CLANG_ENABLE_OBJC_WEAK = YES;
				CLANG_WARN_BLOCK_CAPTURE_AUTORELEASING = YES;
				CLANG_WARN_BOOL_CONVERSION = YES;
				CLANG_WARN_COMMA = YES;
				CLANG_WARN_CONSTANT_CONVERSION = YES;
				CLANG_WARN_DEPRECATED_OBJC_IMPLEMENTATIONS = YES;
				CLANG_WARN_DIRECT_OBJC_ISA_USAGE = YES_ERROR;
				CLANG_WARN_DOCUMENTATION_COMMENTS = YES;
				CLANG_WARN_EMPTY_BODY = YES;
				CLANG_WARN_ENUM_CONVERSION = YES;
				CLANG_WARN_INFINITE_RECURSION = YES;
				CLANG_WARN_INT_CONVERSION = YES;
				CLANG_WARN_NON_LITERAL_NULL_CONVERSION = YES;
				CLANG_WARN_OBJC_IMPLICIT_RETAIN_SELF = YES;
				CLANG_WARN_OBJC_LITERAL_CONVERSION = YES;
				CLANG_WARN_OBJC_ROOT_CLASS = YES_ERROR;
				CLANG_WARN_RANGE_LOOP_ANALYSIS = YES;
				CLANG_WARN_STRICT_PROTOTYPES = YES;
				CLANG_WARN_SUSPICIOUS_MOVE = YES;
				CLANG_WARN_UNGUARDED_AVAILABILITY = YES_AGGRESSIVE;
				CLANG_WARN_UNREACHABLE_CODE = YES;
				CLANG_WARN__DUPLICATE_METHOD_MATCH = YES;
				CODE_SIGN_IDENTITY = "iPhone Developer";
				COPY_PHASE_STRIP = NO;
				DEBUG_INFORMATION_FORMAT = dwarf;
				ENABLE_STRICT_OBJC_MSGSEND = YES;
				ENABLE_TESTABILITY = YES;
				GCC_C_LANGUAGE_STANDARD = gnu11;
				GCC_DYNAMIC_NO_PIC = NO;
				GCC_NO_COMMON_BLOCKS = YES;
				GCC_OPTIMIZATION_LEVEL = 0;
				GCC_PREPROCESSOR_DEFINITIONS = (
					"DEBUG=1",
					"$(inherited)",
				);
				GCC_WARN_64_TO_32_BIT_CONVERSION = YES;
				GCC_WARN_ABOUT_RETURN_TYPE = YES_ERROR;
				GCC_WARN_UNDECLARED_SELECTOR = YES;
				GCC_WARN_UNINITIALIZED_AUTOS = YES_AGGRESSIVE;
				GCC_WARN_UNUSED_FUNCTION = YES;
				GCC_WARN_UNUSED_VARIABLE = YES;
				IPHONEOS_DEPLOYMENT_TARGET = 12.2;
				MTL_ENABLE_DEBUG_INFO = INCLUDE_SOURCE;
				MTL_FAST_MATH = YES;
				ONLY_ACTIVE_ARCH = YES;
				SDKROOT = iphoneos;
				SWIFT_ACTIVE_COMPILATION_CONDITIONS = DEBUG;
				SWIFT_OPTIMIZATION_LEVEL = "-Onone";
			};
			name = Debug;
		};
		174CEA4322B8BEC9003D00C3 /* Release */ = {
			isa = XCBuildConfiguration;
			buildSettings = {
				ALWAYS_SEARCH_USER_PATHS = NO;
				CLANG_ANALYZER_NONNULL = YES;
				CLANG_ANALYZER_NUMBER_OBJECT_CONVERSION = YES_AGGRESSIVE;
				CLANG_CXX_LANGUAGE_STANDARD = "gnu++14";
				CLANG_CXX_LIBRARY = "libc++";
				CLANG_ENABLE_MODULES = YES;
				CLANG_ENABLE_OBJC_ARC = YES;
				CLANG_ENABLE_OBJC_WEAK = YES;
				CLANG_WARN_BLOCK_CAPTURE_AUTORELEASING = YES;
				CLANG_WARN_BOOL_CONVERSION = YES;
				CLANG_WARN_COMMA = YES;
				CLANG_WARN_CONSTANT_CONVERSION = YES;
				CLANG_WARN_DEPRECATED_OBJC_IMPLEMENTATIONS = YES;
				CLANG_WARN_DIRECT_OBJC_ISA_USAGE = YES_ERROR;
				CLANG_WARN_DOCUMENTATION_COMMENTS = YES;
				CLANG_WARN_EMPTY_BODY = YES;
				CLANG_WARN_ENUM_CONVERSION = YES;
				CLANG_WARN_INFINITE_RECURSION = YES;
				CLANG_WARN_INT_CONVERSION = YES;
				CLANG_WARN_NON_LITERAL_NULL_CONVERSION = YES;
				CLANG_WARN_OBJC_IMPLICIT_RETAIN_SELF = YES;
				CLANG_WARN_OBJC_LITERAL_CONVERSION = YES;
				CLANG_WARN_OBJC_ROOT_CLASS = YES_ERROR;
				CLANG_WARN_RANGE_LOOP_ANALYSIS = YES;
				CLANG_WARN_STRICT_PROTOTYPES = YES;
				CLANG_WARN_SUSPICIOUS_MOVE = YES;
				CLANG_WARN_UNGUARDED_AVAILABILITY = YES_AGGRESSIVE;
				CLANG_WARN_UNREACHABLE_CODE = YES;
				CLANG_WARN__DUPLICATE_METHOD_MATCH = YES;
				CODE_SIGN_IDENTITY = "iPhone Developer";
				COPY_PHASE_STRIP = NO;
				DEBUG_INFORMATION_FORMAT = "dwarf-with-dsym";
				ENABLE_NS_ASSERTIONS = NO;
				ENABLE_STRICT_OBJC_MSGSEND = YES;
				GCC_C_LANGUAGE_STANDARD = gnu11;
				GCC_NO_COMMON_BLOCKS = YES;
				GCC_WARN_64_TO_32_BIT_CONVERSION = YES;
				GCC_WARN_ABOUT_RETURN_TYPE = YES_ERROR;
				GCC_WARN_UNDECLARED_SELECTOR = YES;
				GCC_WARN_UNINITIALIZED_AUTOS = YES_AGGRESSIVE;
				GCC_WARN_UNUSED_FUNCTION = YES;
				GCC_WARN_UNUSED_VARIABLE = YES;
				IPHONEOS_DEPLOYMENT_TARGET = 12.2;
				MTL_ENABLE_DEBUG_INFO = NO;
				MTL_FAST_MATH = YES;
				SDKROOT = iphoneos;
				SWIFT_COMPILATION_MODE = wholemodule;
				SWIFT_OPTIMIZATION_LEVEL = "-O";
				VALIDATE_PRODUCT = YES;
			};
			name = Release;
		};
		174CEA4522B8BEC9003D00C3 /* Debug */ = {
			isa = XCBuildConfiguration;
			buildSettings = {
				ASSETCATALOG_COMPILER_APPICON_NAME = AppIcon;
				CODE_SIGN_STYLE = Automatic;
				DEVELOPMENT_TEAM = 678UVM6L84;
				INFOPLIST_FILE = SetGame/Info.plist;
				LD_RUNPATH_SEARCH_PATHS = (
					"$(inherited)",
					"@executable_path/Frameworks",
				);
				PRODUCT_BUNDLE_IDENTIFIER = com.raduciobanu.SetGame;
				PRODUCT_NAME = "$(TARGET_NAME)";
				SWIFT_VERSION = 5.0;
				TARGETED_DEVICE_FAMILY = "1,2";
			};
			name = Debug;
		};
		174CEA4622B8BEC9003D00C3 /* Release */ = {
			isa = XCBuildConfiguration;
			buildSettings = {
				ASSETCATALOG_COMPILER_APPICON_NAME = AppIcon;
				CODE_SIGN_STYLE = Automatic;
				DEVELOPMENT_TEAM = 678UVM6L84;
				INFOPLIST_FILE = SetGame/Info.plist;
				LD_RUNPATH_SEARCH_PATHS = (
					"$(inherited)",
					"@executable_path/Frameworks",
				);
				PRODUCT_BUNDLE_IDENTIFIER = com.raduciobanu.SetGame;
				PRODUCT_NAME = "$(TARGET_NAME)";
				SWIFT_VERSION = 5.0;
				TARGETED_DEVICE_FAMILY = "1,2";
			};
			name = Release;
		};
		174CEA4822B8BEC9003D00C3 /* Debug */ = {
			isa = XCBuildConfiguration;
			buildSettings = {
				ALWAYS_EMBED_SWIFT_STANDARD_LIBRARIES = YES;
				BUNDLE_LOADER = "$(TEST_HOST)";
				CODE_SIGN_STYLE = Automatic;
				DEVELOPMENT_TEAM = 678UVM6L84;
				INFOPLIST_FILE = SetGameTests/Info.plist;
				LD_RUNPATH_SEARCH_PATHS = (
					"$(inherited)",
					"@executable_path/Frameworks",
					"@loader_path/Frameworks",
				);
				PRODUCT_BUNDLE_IDENTIFIER = com.raduciobanu.SetGameTests;
				PRODUCT_NAME = "$(TARGET_NAME)";
				SWIFT_VERSION = 5.0;
				TARGETED_DEVICE_FAMILY = "1,2";
				TEST_HOST = "$(BUILT_PRODUCTS_DIR)/SetGame.app/SetGame";
			};
			name = Debug;
		};
		174CEA4922B8BEC9003D00C3 /* Release */ = {
			isa = XCBuildConfiguration;
			buildSettings = {
				ALWAYS_EMBED_SWIFT_STANDARD_LIBRARIES = YES;
				BUNDLE_LOADER = "$(TEST_HOST)";
				CODE_SIGN_STYLE = Automatic;
				DEVELOPMENT_TEAM = 678UVM6L84;
				INFOPLIST_FILE = SetGameTests/Info.plist;
				LD_RUNPATH_SEARCH_PATHS = (
					"$(inherited)",
					"@executable_path/Frameworks",
					"@loader_path/Frameworks",
				);
				PRODUCT_BUNDLE_IDENTIFIER = com.raduciobanu.SetGameTests;
				PRODUCT_NAME = "$(TARGET_NAME)";
				SWIFT_VERSION = 5.0;
				TARGETED_DEVICE_FAMILY = "1,2";
				TEST_HOST = "$(BUILT_PRODUCTS_DIR)/SetGame.app/SetGame";
			};
			name = Release;
		};
		174CEA4B22B8BEC9003D00C3 /* Debug */ = {
			isa = XCBuildConfiguration;
			buildSettings = {
				ALWAYS_EMBED_SWIFT_STANDARD_LIBRARIES = YES;
				CODE_SIGN_STYLE = Automatic;
				DEVELOPMENT_TEAM = 678UVM6L84;
				INFOPLIST_FILE = SetGameUITests/Info.plist;
				LD_RUNPATH_SEARCH_PATHS = (
					"$(inherited)",
					"@executable_path/Frameworks",
					"@loader_path/Frameworks",
				);
				PRODUCT_BUNDLE_IDENTIFIER = com.raduciobanu.SetGameUITests;
				PRODUCT_NAME = "$(TARGET_NAME)";
				SWIFT_VERSION = 5.0;
				TARGETED_DEVICE_FAMILY = "1,2";
				TEST_TARGET_NAME = SetGame;
			};
			name = Debug;
		};
		174CEA4C22B8BEC9003D00C3 /* Release */ = {
			isa = XCBuildConfiguration;
			buildSettings = {
				ALWAYS_EMBED_SWIFT_STANDARD_LIBRARIES = YES;
				CODE_SIGN_STYLE = Automatic;
				DEVELOPMENT_TEAM = 678UVM6L84;
				INFOPLIST_FILE = SetGameUITests/Info.plist;
				LD_RUNPATH_SEARCH_PATHS = (
					"$(inherited)",
					"@executable_path/Frameworks",
					"@loader_path/Frameworks",
				);
				PRODUCT_BUNDLE_IDENTIFIER = com.raduciobanu.SetGameUITests;
				PRODUCT_NAME = "$(TARGET_NAME)";
				SWIFT_VERSION = 5.0;
				TARGETED_DEVICE_FAMILY = "1,2";
				TEST_TARGET_NAME = SetGame;
			};
			name = Release;
		};
/* End XCBuildConfiguration section */

/* Begin XCConfigurationList section */
		174CEA1722B8BEB9003D00C3 /* Build configuration list for PBXProject "SetGame" */ = {
			isa = XCConfigurationList;
			buildConfigurations = (
				174CEA4222B8BEC9003D00C3 /* Debug */,
				174CEA4322B8BEC9003D00C3 /* Release */,
			);
			defaultConfigurationIsVisible = 0;
			defaultConfigurationName = Release;
		};
		174CEA4422B8BEC9003D00C3 /* Build configuration list for PBXNativeTarget "SetGame" */ = {
			isa = XCConfigurationList;
			buildConfigurations = (
				174CEA4522B8BEC9003D00C3 /* Debug */,
				174CEA4622B8BEC9003D00C3 /* Release */,
			);
			defaultConfigurationIsVisible = 0;
			defaultConfigurationName = Release;
		};
		174CEA4722B8BEC9003D00C3 /* Build configuration list for PBXNativeTarget "SetGameTests" */ = {
			isa = XCConfigurationList;
			buildConfigurations = (
				174CEA4822B8BEC9003D00C3 /* Debug */,
				174CEA4922B8BEC9003D00C3 /* Release */,
			);
			defaultConfigurationIsVisible = 0;
			defaultConfigurationName = Release;
		};
		174CEA4A22B8BEC9003D00C3 /* Build configuration list for PBXNativeTarget "SetGameUITests" */ = {
			isa = XCConfigurationList;
			buildConfigurations = (
				174CEA4B22B8BEC9003D00C3 /* Debug */,
				174CEA4C22B8BEC9003D00C3 /* Release */,
			);
			defaultConfigurationIsVisible = 0;
			defaultConfigurationName = Release;
		};
/* End XCConfigurationList section */
	};
	rootObject = 174CEA1422B8BEB9003D00C3 /* Project object */;
}
